
Microsoft Visual Studio Solution File, Format Version 12.00
# Visual Studio 15
VisualStudioVersion = 15.0.27130.2010
MinimumVisualStudioVersion = 10.0.40219.1
Project("{FAE04EC0-301F-11D3-BF4B-00C04F79EFBC}") = "CrossPlatformApp.Android", "CrossPlatformApp\CrossPlatformApp.Android\CrossPlatformApp.Android.csproj", "{D9EC6964-61E1-4367-A651-E3C8041F7DBF}"
EndProject
Project("{FAE04EC0-301F-11D3-BF4B-00C04F79EFBC}") = "CrossPlatformApp.iOS", "CrossPlatformApp\CrossPlatformApp.iOS\CrossPlatformApp.iOS.csproj", "{79735F37-AAF7-471D-88E2-31BBC7BBC84D}"
EndProject
Project("{FAE04EC0-301F-11D3-BF4B-00C04F79EFBC}") = "CrossPlatformApp.UWP", "CrossPlatformApp\CrossPlatformApp.UWP\CrossPlatformApp.UWP.csproj", "{5ACEBEEF-BE6F-4E8D-A533-7D7F9735B78F}"
EndProject
Project("{9A19103F-16F7-4668-BE54-9A1E7A4F7556}") = "CrossPlatformApp", "CrossPlatformApp\CrossPlatformApp\CrossPlatformApp.csproj", "{8DC23715-5071-4830-947D-BAC6A2ADD053}"
EndProject
Project("{FAE04EC0-301F-11D3-BF4B-00C04F79EFBC}") = "CrossPlatformApp.Core", "CrossPlatformApp.Core\CrossPlatformApp.Core.csproj", "{92DD9D8A-DFAE-49AA-A4B9-5FE0134C42D4}"
EndProject
Global
	GlobalSection(SolutionConfigurationPlatforms) = preSolution
		Ad-Hoc|Any CPU = Ad-Hoc|Any CPU
		Ad-Hoc|ARM = Ad-Hoc|ARM
		Ad-Hoc|iPhone = Ad-Hoc|iPhone
		Ad-Hoc|iPhoneSimulator = Ad-Hoc|iPhoneSimulator
		Ad-Hoc|x64 = Ad-Hoc|x64
		Ad-Hoc|x86 = Ad-Hoc|x86
		AppStore|Any CPU = AppStore|Any CPU
		AppStore|ARM = AppStore|ARM
		AppStore|iPhone = AppStore|iPhone
		AppStore|iPhoneSimulator = AppStore|iPhoneSimulator
		AppStore|x64 = AppStore|x64
		AppStore|x86 = AppStore|x86
		Debug|Any CPU = Debug|Any CPU
		Debug|ARM = Debug|ARM
		Debug|iPhone = Debug|iPhone
		Debug|iPhoneSimulator = Debug|iPhoneSimulator
		Debug|x64 = Debug|x64
		Debug|x86 = Debug|x86
		Release|Any CPU = Release|Any CPU
		Release|ARM = Release|ARM
		Release|iPhone = Release|iPhone
		Release|iPhoneSimulator = Release|iPhoneSimulator
		Release|x64 = Release|x64
		Release|x86 = Release|x86
	EndGlobalSection
	GlobalSection(ProjectConfigurationPlatforms) = postSolution
		{D9EC6964-61E1-4367-A651-E3C8041F7DBF}.Ad-Hoc|Any CPU.ActiveCfg = Release|Any CPU
		{D9EC6964-61E1-4367-A651-E3C8041F7DBF}.Ad-Hoc|Any CPU.Build.0 = Release|Any CPU
		{D9EC6964-61E1-4367-A651-E3C8041F7DBF}.Ad-Hoc|Any CPU.Deploy.0 = Release|Any CPU
		{D9EC6964-61E1-4367-A651-E3C8041F7DBF}.Ad-Hoc|ARM.ActiveCfg = Release|Any CPU
		{D9EC6964-61E1-4367-A651-E3C8041F7DBF}.Ad-Hoc|ARM.Build.0 = Release|Any CPU
		{D9EC6964-61E1-4367-A651-E3C8041F7DBF}.Ad-Hoc|ARM.Deploy.0 = Release|Any CPU
		{D9EC6964-61E1-4367-A651-E3C8041F7DBF}.Ad-Hoc|iPhone.ActiveCfg = Release|Any CPU
		{D9EC6964-61E1-4367-A651-E3C8041F7DBF}.Ad-Hoc|iPhone.Build.0 = Release|Any CPU
		{D9EC6964-61E1-4367-A651-E3C8041F7DBF}.Ad-Hoc|iPhone.Deploy.0 = Release|Any CPU
		{D9EC6964-61E1-4367-A651-E3C8041F7DBF}.Ad-Hoc|iPhoneSimulator.ActiveCfg = Release|Any CPU
		{D9EC6964-61E1-4367-A651-E3C8041F7DBF}.Ad-Hoc|iPhoneSimulator.Build.0 = Release|Any CPU
		{D9EC6964-61E1-4367-A651-E3C8041F7DBF}.Ad-Hoc|iPhoneSimulator.Deploy.0 = Release|Any CPU
		{D9EC6964-61E1-4367-A651-E3C8041F7DBF}.Ad-Hoc|x64.ActiveCfg = Release|Any CPU
		{D9EC6964-61E1-4367-A651-E3C8041F7DBF}.Ad-Hoc|x64.Build.0 = Release|Any CPU
		{D9EC6964-61E1-4367-A651-E3C8041F7DBF}.Ad-Hoc|x64.Deploy.0 = Release|Any CPU
		{D9EC6964-61E1-4367-A651-E3C8041F7DBF}.Ad-Hoc|x86.ActiveCfg = Release|Any CPU
		{D9EC6964-61E1-4367-A651-E3C8041F7DBF}.Ad-Hoc|x86.Build.0 = Release|Any CPU
		{D9EC6964-61E1-4367-A651-E3C8041F7DBF}.Ad-Hoc|x86.Deploy.0 = Release|Any CPU
		{D9EC6964-61E1-4367-A651-E3C8041F7DBF}.AppStore|Any CPU.ActiveCfg = Release|Any CPU
		{D9EC6964-61E1-4367-A651-E3C8041F7DBF}.AppStore|Any CPU.Build.0 = Release|Any CPU
		{D9EC6964-61E1-4367-A651-E3C8041F7DBF}.AppStore|Any CPU.Deploy.0 = Release|Any CPU
		{D9EC6964-61E1-4367-A651-E3C8041F7DBF}.AppStore|ARM.ActiveCfg = Release|Any CPU
		{D9EC6964-61E1-4367-A651-E3C8041F7DBF}.AppStore|ARM.Build.0 = Release|Any CPU
		{D9EC6964-61E1-4367-A651-E3C8041F7DBF}.AppStore|ARM.Deploy.0 = Release|Any CPU
		{D9EC6964-61E1-4367-A651-E3C8041F7DBF}.AppStore|iPhone.ActiveCfg = Release|Any CPU
		{D9EC6964-61E1-4367-A651-E3C8041F7DBF}.AppStore|iPhone.Build.0 = Release|Any CPU
		{D9EC6964-61E1-4367-A651-E3C8041F7DBF}.AppStore|iPhone.Deploy.0 = Release|Any CPU
		{D9EC6964-61E1-4367-A651-E3C8041F7DBF}.AppStore|iPhoneSimulator.ActiveCfg = Release|Any CPU
		{D9EC6964-61E1-4367-A651-E3C8041F7DBF}.AppStore|iPhoneSimulator.Build.0 = Release|Any CPU
		{D9EC6964-61E1-4367-A651-E3C8041F7DBF}.AppStore|iPhoneSimulator.Deploy.0 = Release|Any CPU
		{D9EC6964-61E1-4367-A651-E3C8041F7DBF}.AppStore|x64.ActiveCfg = Release|Any CPU
		{D9EC6964-61E1-4367-A651-E3C8041F7DBF}.AppStore|x64.Build.0 = Release|Any CPU
		{D9EC6964-61E1-4367-A651-E3C8041F7DBF}.AppStore|x64.Deploy.0 = Release|Any CPU
		{D9EC6964-61E1-4367-A651-E3C8041F7DBF}.AppStore|x86.ActiveCfg = Release|Any CPU
		{D9EC6964-61E1-4367-A651-E3C8041F7DBF}.AppStore|x86.Build.0 = Release|Any CPU
		{D9EC6964-61E1-4367-A651-E3C8041F7DBF}.AppStore|x86.Deploy.0 = Release|Any CPU
		{D9EC6964-61E1-4367-A651-E3C8041F7DBF}.Debug|Any CPU.ActiveCfg = Debug|Any CPU
		{D9EC6964-61E1-4367-A651-E3C8041F7DBF}.Debug|Any CPU.Build.0 = Debug|Any CPU
		{D9EC6964-61E1-4367-A651-E3C8041F7DBF}.Debug|Any CPU.Deploy.0 = Debug|Any CPU
		{D9EC6964-61E1-4367-A651-E3C8041F7DBF}.Debug|ARM.ActiveCfg = Debug|Any CPU
		{D9EC6964-61E1-4367-A651-E3C8041F7DBF}.Debug|ARM.Build.0 = Debug|Any CPU
		{D9EC6964-61E1-4367-A651-E3C8041F7DBF}.Debug|ARM.Deploy.0 = Debug|Any CPU
		{D9EC6964-61E1-4367-A651-E3C8041F7DBF}.Debug|iPhone.ActiveCfg = Debug|Any CPU
		{D9EC6964-61E1-4367-A651-E3C8041F7DBF}.Debug|iPhone.Build.0 = Debug|Any CPU
		{D9EC6964-61E1-4367-A651-E3C8041F7DBF}.Debug|iPhone.Deploy.0 = Debug|Any CPU
		{D9EC6964-61E1-4367-A651-E3C8041F7DBF}.Debug|iPhoneSimulator.ActiveCfg = Debug|Any CPU
		{D9EC6964-61E1-4367-A651-E3C8041F7DBF}.Debug|iPhoneSimulator.Build.0 = Debug|Any CPU
		{D9EC6964-61E1-4367-A651-E3C8041F7DBF}.Debug|iPhoneSimulator.Deploy.0 = Debug|Any CPU
		{D9EC6964-61E1-4367-A651-E3C8041F7DBF}.Debug|x64.ActiveCfg = Debug|Any CPU
		{D9EC6964-61E1-4367-A651-E3C8041F7DBF}.Debug|x64.Build.0 = Debug|Any CPU
		{D9EC6964-61E1-4367-A651-E3C8041F7DBF}.Debug|x64.Deploy.0 = Debug|Any CPU
		{D9EC6964-61E1-4367-A651-E3C8041F7DBF}.Debug|x86.ActiveCfg = Debug|Any CPU
		{D9EC6964-61E1-4367-A651-E3C8041F7DBF}.Debug|x86.Build.0 = Debug|Any CPU
		{D9EC6964-61E1-4367-A651-E3C8041F7DBF}.Debug|x86.Deploy.0 = Debug|Any CPU
		{D9EC6964-61E1-4367-A651-E3C8041F7DBF}.Release|Any CPU.ActiveCfg = Release|Any CPU
		{D9EC6964-61E1-4367-A651-E3C8041F7DBF}.Release|Any CPU.Build.0 = Release|Any CPU
		{D9EC6964-61E1-4367-A651-E3C8041F7DBF}.Release|Any CPU.Deploy.0 = Release|Any CPU
		{D9EC6964-61E1-4367-A651-E3C8041F7DBF}.Release|ARM.ActiveCfg = Release|Any CPU
		{D9EC6964-61E1-4367-A651-E3C8041F7DBF}.Release|ARM.Build.0 = Release|Any CPU
		{D9EC6964-61E1-4367-A651-E3C8041F7DBF}.Release|ARM.Deploy.0 = Release|Any CPU
		{D9EC6964-61E1-4367-A651-E3C8041F7DBF}.Release|iPhone.ActiveCfg = Release|Any CPU
		{D9EC6964-61E1-4367-A651-E3C8041F7DBF}.Release|iPhone.Build.0 = Release|Any CPU
		{D9EC6964-61E1-4367-A651-E3C8041F7DBF}.Release|iPhone.Deploy.0 = Release|Any CPU
		{D9EC6964-61E1-4367-A651-E3C8041F7DBF}.Release|iPhoneSimulator.ActiveCfg = Release|Any CPU
		{D9EC6964-61E1-4367-A651-E3C8041F7DBF}.Release|iPhoneSimulator.Build.0 = Release|Any CPU
		{D9EC6964-61E1-4367-A651-E3C8041F7DBF}.Release|iPhoneSimulator.Deploy.0 = Release|Any CPU
		{D9EC6964-61E1-4367-A651-E3C8041F7DBF}.Release|x64.ActiveCfg = Release|Any CPU
		{D9EC6964-61E1-4367-A651-E3C8041F7DBF}.Release|x64.Build.0 = Release|Any CPU
		{D9EC6964-61E1-4367-A651-E3C8041F7DBF}.Release|x64.Deploy.0 = Release|Any CPU
		{D9EC6964-61E1-4367-A651-E3C8041F7DBF}.Release|x86.ActiveCfg = Release|Any CPU
		{D9EC6964-61E1-4367-A651-E3C8041F7DBF}.Release|x86.Build.0 = Release|Any CPU
		{D9EC6964-61E1-4367-A651-E3C8041F7DBF}.Release|x86.Deploy.0 = Release|Any CPU
		{79735F37-AAF7-471D-88E2-31BBC7BBC84D}.Ad-Hoc|Any CPU.ActiveCfg = Ad-Hoc|iPhone
		{79735F37-AAF7-471D-88E2-31BBC7BBC84D}.Ad-Hoc|ARM.ActiveCfg = Ad-Hoc|iPhone
		{79735F37-AAF7-471D-88E2-31BBC7BBC84D}.Ad-Hoc|iPhone.ActiveCfg = Ad-Hoc|iPhone
		{79735F37-AAF7-471D-88E2-31BBC7BBC84D}.Ad-Hoc|iPhone.Build.0 = Ad-Hoc|iPhone
		{79735F37-AAF7-471D-88E2-31BBC7BBC84D}.Ad-Hoc|iPhoneSimulator.ActiveCfg = Ad-Hoc|iPhoneSimulator
		{79735F37-AAF7-471D-88E2-31BBC7BBC84D}.Ad-Hoc|iPhoneSimulator.Build.0 = Ad-Hoc|iPhoneSimulator
		{79735F37-AAF7-471D-88E2-31BBC7BBC84D}.Ad-Hoc|x64.ActiveCfg = Ad-Hoc|iPhone
		{79735F37-AAF7-471D-88E2-31BBC7BBC84D}.Ad-Hoc|x86.ActiveCfg = Ad-Hoc|iPhone
		{79735F37-AAF7-471D-88E2-31BBC7BBC84D}.AppStore|Any CPU.ActiveCfg = AppStore|iPhone
		{79735F37-AAF7-471D-88E2-31BBC7BBC84D}.AppStore|ARM.ActiveCfg = AppStore|iPhone
		{79735F37-AAF7-471D-88E2-31BBC7BBC84D}.AppStore|iPhone.ActiveCfg = AppStore|iPhone
		{79735F37-AAF7-471D-88E2-31BBC7BBC84D}.AppStore|iPhone.Build.0 = AppStore|iPhone
		{79735F37-AAF7-471D-88E2-31BBC7BBC84D}.AppStore|iPhoneSimulator.ActiveCfg = AppStore|iPhoneSimulator
		{79735F37-AAF7-471D-88E2-31BBC7BBC84D}.AppStore|iPhoneSimulator.Build.0 = AppStore|iPhoneSimulator
		{79735F37-AAF7-471D-88E2-31BBC7BBC84D}.AppStore|x64.ActiveCfg = AppStore|iPhone
		{79735F37-AAF7-471D-88E2-31BBC7BBC84D}.AppStore|x86.ActiveCfg = AppStore|iPhone
		{79735F37-AAF7-471D-88E2-31BBC7BBC84D}.Debug|Any CPU.ActiveCfg = Debug|iPhone
		{79735F37-AAF7-471D-88E2-31BBC7BBC84D}.Debug|ARM.ActiveCfg = Debug|iPhone
		{79735F37-AAF7-471D-88E2-31BBC7BBC84D}.Debug|iPhone.ActiveCfg = Debug|iPhone
		{79735F37-AAF7-471D-88E2-31BBC7BBC84D}.Debug|iPhone.Build.0 = Debug|iPhone
		{79735F37-AAF7-471D-88E2-31BBC7BBC84D}.Debug|iPhoneSimulator.ActiveCfg = Debug|iPhoneSimulator
		{79735F37-AAF7-471D-88E2-31BBC7BBC84D}.Debug|iPhoneSimulator.Build.0 = Debug|iPhoneSimulator
		{79735F37-AAF7-471D-88E2-31BBC7BBC84D}.Debug|x64.ActiveCfg = Debug|iPhone
		{79735F37-AAF7-471D-88E2-31BBC7BBC84D}.Debug|x86.ActiveCfg = Debug|iPhone
		{79735F37-AAF7-471D-88E2-31BBC7BBC84D}.Release|Any CPU.ActiveCfg = Release|iPhone
		{79735F37-AAF7-471D-88E2-31BBC7BBC84D}.Release|ARM.ActiveCfg = Release|iPhone
		{79735F37-AAF7-471D-88E2-31BBC7BBC84D}.Release|iPhone.ActiveCfg = Release|iPhone
		{79735F37-AAF7-471D-88E2-31BBC7BBC84D}.Release|iPhone.Build.0 = Release|iPhone
		{79735F37-AAF7-471D-88E2-31BBC7BBC84D}.Release|iPhoneSimulator.ActiveCfg = Release|iPhoneSimulator
		{79735F37-AAF7-471D-88E2-31BBC7BBC84D}.Release|iPhoneSimulator.Build.0 = Release|iPhoneSimulator
		{79735F37-AAF7-471D-88E2-31BBC7BBC84D}.Release|x64.ActiveCfg = Release|iPhone
		{79735F37-AAF7-471D-88E2-31BBC7BBC84D}.Release|x86.ActiveCfg = Release|iPhone
		{5ACEBEEF-BE6F-4E8D-A533-7D7F9735B78F}.Ad-Hoc|Any CPU.ActiveCfg = Release|x86
		{5ACEBEEF-BE6F-4E8D-A533-7D7F9735B78F}.Ad-Hoc|Any CPU.Build.0 = Release|x86
		{5ACEBEEF-BE6F-4E8D-A533-7D7F9735B78F}.Ad-Hoc|Any CPU.Deploy.0 = Release|x86
		{5ACEBEEF-BE6F-4E8D-A533-7D7F9735B78F}.Ad-Hoc|ARM.ActiveCfg = Release|ARM
		{5ACEBEEF-BE6F-4E8D-A533-7D7F9735B78F}.Ad-Hoc|ARM.Build.0 = Release|ARM
		{5ACEBEEF-BE6F-4E8D-A533-7D7F9735B78F}.Ad-Hoc|ARM.Deploy.0 = Release|ARM
		{5ACEBEEF-BE6F-4E8D-A533-7D7F9735B78F}.Ad-Hoc|iPhone.ActiveCfg = Release|x86
		{5ACEBEEF-BE6F-4E8D-A533-7D7F9735B78F}.Ad-Hoc|iPhone.Build.0 = Release|x86
		{5ACEBEEF-BE6F-4E8D-A533-7D7F9735B78F}.Ad-Hoc|iPhone.Deploy.0 = Release|x86
		{5ACEBEEF-BE6F-4E8D-A533-7D7F9735B78F}.Ad-Hoc|iPhoneSimulator.ActiveCfg = Release|x86
		{5ACEBEEF-BE6F-4E8D-A533-7D7F9735B78F}.Ad-Hoc|iPhoneSimulator.Build.0 = Release|x86
		{5ACEBEEF-BE6F-4E8D-A533-7D7F9735B78F}.Ad-Hoc|iPhoneSimulator.Deploy.0 = Release|x86
		{5ACEBEEF-BE6F-4E8D-A533-7D7F9735B78F}.Ad-Hoc|x64.ActiveCfg = Release|x64
		{5ACEBEEF-BE6F-4E8D-A533-7D7F9735B78F}.Ad-Hoc|x64.Build.0 = Release|x64
		{5ACEBEEF-BE6F-4E8D-A533-7D7F9735B78F}.Ad-Hoc|x64.Deploy.0 = Release|x64
		{5ACEBEEF-BE6F-4E8D-A533-7D7F9735B78F}.Ad-Hoc|x86.ActiveCfg = Release|x86
		{5ACEBEEF-BE6F-4E8D-A533-7D7F9735B78F}.Ad-Hoc|x86.Build.0 = Release|x86
		{5ACEBEEF-BE6F-4E8D-A533-7D7F9735B78F}.Ad-Hoc|x86.Deploy.0 = Release|x86
		{5ACEBEEF-BE6F-4E8D-A533-7D7F9735B78F}.AppStore|Any CPU.ActiveCfg = Release|x86
		{5ACEBEEF-BE6F-4E8D-A533-7D7F9735B78F}.AppStore|Any CPU.Build.0 = Release|x86
		{5ACEBEEF-BE6F-4E8D-A533-7D7F9735B78F}.AppStore|Any CPU.Deploy.0 = Release|x86
		{5ACEBEEF-BE6F-4E8D-A533-7D7F9735B78F}.AppStore|ARM.ActiveCfg = Release|ARM
		{5ACEBEEF-BE6F-4E8D-A533-7D7F9735B78F}.AppStore|ARM.Build.0 = Release|ARM
		{5ACEBEEF-BE6F-4E8D-A533-7D7F9735B78F}.AppStore|ARM.Deploy.0 = Release|ARM
		{5ACEBEEF-BE6F-4E8D-A533-7D7F9735B78F}.AppStore|iPhone.ActiveCfg = Release|x86
		{5ACEBEEF-BE6F-4E8D-A533-7D7F9735B78F}.AppStore|iPhone.Build.0 = Release|x86
		{5ACEBEEF-BE6F-4E8D-A533-7D7F9735B78F}.AppStore|iPhone.Deploy.0 = Release|x86
		{5ACEBEEF-BE6F-4E8D-A533-7D7F9735B78F}.AppStore|iPhoneSimulator.ActiveCfg = Release|x86
		{5ACEBEEF-BE6F-4E8D-A533-7D7F9735B78F}.AppStore|iPhoneSimulator.Build.0 = Release|x86
		{5ACEBEEF-BE6F-4E8D-A533-7D7F9735B78F}.AppStore|iPhoneSimulator.Deploy.0 = Release|x86
		{5ACEBEEF-BE6F-4E8D-A533-7D7F9735B78F}.AppStore|x64.ActiveCfg = Release|x64
		{5ACEBEEF-BE6F-4E8D-A533-7D7F9735B78F}.AppStore|x64.Build.0 = Release|x64
		{5ACEBEEF-BE6F-4E8D-A533-7D7F9735B78F}.AppStore|x64.Deploy.0 = Release|x64
		{5ACEBEEF-BE6F-4E8D-A533-7D7F9735B78F}.AppStore|x86.ActiveCfg = Release|x86
		{5ACEBEEF-BE6F-4E8D-A533-7D7F9735B78F}.AppStore|x86.Build.0 = Release|x86
		{5ACEBEEF-BE6F-4E8D-A533-7D7F9735B78F}.AppStore|x86.Deploy.0 = Release|x86
		{5ACEBEEF-BE6F-4E8D-A533-7D7F9735B78F}.Debug|Any CPU.ActiveCfg = Debug|x86
		{5ACEBEEF-BE6F-4E8D-A533-7D7F9735B78F}.Debug|ARM.ActiveCfg = Debug|ARM
		{5ACEBEEF-BE6F-4E8D-A533-7D7F9735B78F}.Debug|ARM.Build.0 = Debug|ARM
		{5ACEBEEF-BE6F-4E8D-A533-7D7F9735B78F}.Debug|ARM.Deploy.0 = Debug|ARM
		{5ACEBEEF-BE6F-4E8D-A533-7D7F9735B78F}.Debug|iPhone.ActiveCfg = Debug|x86
		{5ACEBEEF-BE6F-4E8D-A533-7D7F9735B78F}.Debug|iPhoneSimulator.ActiveCfg = Debug|x86
		{5ACEBEEF-BE6F-4E8D-A533-7D7F9735B78F}.Debug|x64.ActiveCfg = Debug|x64
		{5ACEBEEF-BE6F-4E8D-A533-7D7F9735B78F}.Debug|x64.Build.0 = Debug|x64
		{5ACEBEEF-BE6F-4E8D-A533-7D7F9735B78F}.Debug|x64.Deploy.0 = Debug|x64
		{5ACEBEEF-BE6F-4E8D-A533-7D7F9735B78F}.Debug|x86.ActiveCfg = Debug|x86
		{5ACEBEEF-BE6F-4E8D-A533-7D7F9735B78F}.Debug|x86.Build.0 = Debug|x86
		{5ACEBEEF-BE6F-4E8D-A533-7D7F9735B78F}.Debug|x86.Deploy.0 = Debug|x86
		{5ACEBEEF-BE6F-4E8D-A533-7D7F9735B78F}.Release|Any CPU.ActiveCfg = Release|x86
		{5ACEBEEF-BE6F-4E8D-A533-7D7F9735B78F}.Release|ARM.ActiveCfg = Release|ARM
		{5ACEBEEF-BE6F-4E8D-A533-7D7F9735B78F}.Release|ARM.Build.0 = Release|ARM
		{5ACEBEEF-BE6F-4E8D-A533-7D7F9735B78F}.Release|ARM.Deploy.0 = Release|ARM
		{5ACEBEEF-BE6F-4E8D-A533-7D7F9735B78F}.Release|iPhone.ActiveCfg = Release|x86
		{5ACEBEEF-BE6F-4E8D-A533-7D7F9735B78F}.Release|iPhoneSimulator.ActiveCfg = Release|x86
		{5ACEBEEF-BE6F-4E8D-A533-7D7F9735B78F}.Release|x64.ActiveCfg = Release|x64
		{5ACEBEEF-BE6F-4E8D-A533-7D7F9735B78F}.Release|x64.Build.0 = Release|x64
		{5ACEBEEF-BE6F-4E8D-A533-7D7F9735B78F}.Release|x64.Deploy.0 = Release|x64
		{5ACEBEEF-BE6F-4E8D-A533-7D7F9735B78F}.Release|x86.ActiveCfg = Release|x86
		{5ACEBEEF-BE6F-4E8D-A533-7D7F9735B78F}.Release|x86.Build.0 = Release|x86
		{5ACEBEEF-BE6F-4E8D-A533-7D7F9735B78F}.Release|x86.Deploy.0 = Release|x86
		{8DC23715-5071-4830-947D-BAC6A2ADD053}.Ad-Hoc|Any CPU.ActiveCfg = Debug|Any CPU
		{8DC23715-5071-4830-947D-BAC6A2ADD053}.Ad-Hoc|Any CPU.Build.0 = Debug|Any CPU
		{8DC23715-5071-4830-947D-BAC6A2ADD053}.Ad-Hoc|ARM.ActiveCfg = Debug|Any CPU
		{8DC23715-5071-4830-947D-BAC6A2ADD053}.Ad-Hoc|ARM.Build.0 = Debug|Any CPU
		{8DC23715-5071-4830-947D-BAC6A2ADD053}.Ad-Hoc|iPhone.ActiveCfg = Debug|Any CPU
		{8DC23715-5071-4830-947D-BAC6A2ADD053}.Ad-Hoc|iPhone.Build.0 = Debug|Any CPU
		{8DC23715-5071-4830-947D-BAC6A2ADD053}.Ad-Hoc|iPhoneSimulator.ActiveCfg = Debug|Any CPU
		{8DC23715-5071-4830-947D-BAC6A2ADD053}.Ad-Hoc|iPhoneSimulator.Build.0 = Debug|Any CPU
		{8DC23715-5071-4830-947D-BAC6A2ADD053}.Ad-Hoc|x64.ActiveCfg = Debug|Any CPU
		{8DC23715-5071-4830-947D-BAC6A2ADD053}.Ad-Hoc|x64.Build.0 = Debug|Any CPU
		{8DC23715-5071-4830-947D-BAC6A2ADD053}.Ad-Hoc|x86.ActiveCfg = Debug|Any CPU
		{8DC23715-5071-4830-947D-BAC6A2ADD053}.Ad-Hoc|x86.Build.0 = Debug|Any CPU
		{8DC23715-5071-4830-947D-BAC6A2ADD053}.AppStore|Any CPU.ActiveCfg = Debug|Any CPU
		{8DC23715-5071-4830-947D-BAC6A2ADD053}.AppStore|Any CPU.Build.0 = Debug|Any CPU
		{8DC23715-5071-4830-947D-BAC6A2ADD053}.AppStore|ARM.ActiveCfg = Debug|Any CPU
		{8DC23715-5071-4830-947D-BAC6A2ADD053}.AppStore|ARM.Build.0 = Debug|Any CPU
		{8DC23715-5071-4830-947D-BAC6A2ADD053}.AppStore|iPhone.ActiveCfg = Debug|Any CPU
		{8DC23715-5071-4830-947D-BAC6A2ADD053}.AppStore|iPhone.Build.0 = Debug|Any CPU
		{8DC23715-5071-4830-947D-BAC6A2ADD053}.AppStore|iPhoneSimulator.ActiveCfg = Debug|Any CPU
		{8DC23715-5071-4830-947D-BAC6A2ADD053}.AppStore|iPhoneSimulator.Build.0 = Debug|Any CPU
		{8DC23715-5071-4830-947D-BAC6A2ADD053}.AppStore|x64.ActiveCfg = Debug|Any CPU
		{8DC23715-5071-4830-947D-BAC6A2ADD053}.AppStore|x64.Build.0 = Debug|Any CPU
		{8DC23715-5071-4830-947D-BAC6A2ADD053}.AppStore|x86.ActiveCfg = Debug|Any CPU
		{8DC23715-5071-4830-947D-BAC6A2ADD053}.AppStore|x86.Build.0 = Debug|Any CPU
		{8DC23715-5071-4830-947D-BAC6A2ADD053}.Debug|Any CPU.ActiveCfg = Debug|Any CPU
		{8DC23715-5071-4830-947D-BAC6A2ADD053}.Debug|Any CPU.Build.0 = Debug|Any CPU
		{8DC23715-5071-4830-947D-BAC6A2ADD053}.Debug|ARM.ActiveCfg = Debug|Any CPU
		{8DC23715-5071-4830-947D-BAC6A2ADD053}.Debug|ARM.Build.0 = Debug|Any CPU
		{8DC23715-5071-4830-947D-BAC6A2ADD053}.Debug|iPhone.ActiveCfg = Debug|Any CPU
		{8DC23715-5071-4830-947D-BAC6A2ADD053}.Debug|iPhone.Build.0 = Debug|Any CPU
		{8DC23715-5071-4830-947D-BAC6A2ADD053}.Debug|iPhoneSimulator.ActiveCfg = Debug|Any CPU
		{8DC23715-5071-4830-947D-BAC6A2ADD053}.Debug|iPhoneSimulator.Build.0 = Debug|Any CPU
		{8DC23715-5071-4830-947D-BAC6A2ADD053}.Debug|x64.ActiveCfg = Debug|Any CPU
		{8DC23715-5071-4830-947D-BAC6A2ADD053}.Debug|x64.Build.0 = Debug|Any CPU
		{8DC23715-5071-4830-947D-BAC6A2ADD053}.Debug|x86.ActiveCfg = Debug|Any CPU
		{8DC23715-5071-4830-947D-BAC6A2ADD053}.Debug|x86.Build.0 = Debug|Any CPU
		{8DC23715-5071-4830-947D-BAC6A2ADD053}.Release|Any CPU.ActiveCfg = Release|Any CPU
		{8DC23715-5071-4830-947D-BAC6A2ADD053}.Release|Any CPU.Build.0 = Release|Any CPU
		{8DC23715-5071-4830-947D-BAC6A2ADD053}.Release|ARM.ActiveCfg = Release|Any CPU
		{8DC23715-5071-4830-947D-BAC6A2ADD053}.Release|ARM.Build.0 = Release|Any CPU
		{8DC23715-5071-4830-947D-BAC6A2ADD053}.Release|iPhone.ActiveCfg = Release|Any CPU
		{8DC23715-5071-4830-947D-BAC6A2ADD053}.Release|iPhone.Build.0 = Release|Any CPU
		{8DC23715-5071-4830-947D-BAC6A2ADD053}.Release|iPhoneSimulator.ActiveCfg = Release|Any CPU
		{8DC23715-5071-4830-947D-BAC6A2ADD053}.Release|iPhoneSimulator.Build.0 = Release|Any CPU
		{8DC23715-5071-4830-947D-BAC6A2ADD053}.Release|x64.ActiveCfg = Release|Any CPU
		{8DC23715-5071-4830-947D-BAC6A2ADD053}.Release|x64.Build.0 = Release|Any CPU
		{8DC23715-5071-4830-947D-BAC6A2ADD053}.Release|x86.ActiveCfg = Release|Any CPU
		{8DC23715-5071-4830-947D-BAC6A2ADD053}.Release|x86.Build.0 = Release|Any CPU
		{92DD9D8A-DFAE-49AA-A4B9-5FE0134C42D4}.Ad-Hoc|Any CPU.ActiveCfg = Debug|Any CPU
		{92DD9D8A-DFAE-49AA-A4B9-5FE0134C42D4}.Ad-Hoc|Any CPU.Build.0 = Debug|Any CPU
		{92DD9D8A-DFAE-49AA-A4B9-5FE0134C42D4}.Ad-Hoc|ARM.ActiveCfg = Debug|Any CPU
		{92DD9D8A-DFAE-49AA-A4B9-5FE0134C42D4}.Ad-Hoc|ARM.Build.0 = Debug|Any CPU
		{92DD9D8A-DFAE-49AA-A4B9-5FE0134C42D4}.Ad-Hoc|iPhone.ActiveCfg = Debug|Any CPU
		{92DD9D8A-DFAE-49AA-A4B9-5FE0134C42D4}.Ad-Hoc|iPhone.Build.0 = Debug|Any CPU
		{92DD9D8A-DFAE-49AA-A4B9-5FE0134C42D4}.Ad-Hoc|iPhoneSimulator.ActiveCfg = Debug|Any CPU
		{92DD9D8A-DFAE-49AA-A4B9-5FE0134C42D4}.Ad-Hoc|iPhoneSimulator.Build.0 = Debug|Any CPU
		{92DD9D8A-DFAE-49AA-A4B9-5FE0134C42D4}.Ad-Hoc|x64.ActiveCfg = Debug|Any CPU
		{92DD9D8A-DFAE-49AA-A4B9-5FE0134C42D4}.Ad-Hoc|x64.Build.0 = Debug|Any CPU
		{92DD9D8A-DFAE-49AA-A4B9-5FE0134C42D4}.Ad-Hoc|x86.ActiveCfg = Debug|Any CPU
		{92DD9D8A-DFAE-49AA-A4B9-5FE0134C42D4}.Ad-Hoc|x86.Build.0 = Debug|Any CPU
		{92DD9D8A-DFAE-49AA-A4B9-5FE0134C42D4}.AppStore|Any CPU.ActiveCfg = Debug|Any CPU
		{92DD9D8A-DFAE-49AA-A4B9-5FE0134C42D4}.AppStore|Any CPU.Build.0 = Debug|Any CPU
		{92DD9D8A-DFAE-49AA-A4B9-5FE0134C42D4}.AppStore|ARM.ActiveCfg = Debug|Any CPU
		{92DD9D8A-DFAE-49AA-A4B9-5FE0134C42D4}.AppStore|ARM.Build.0 = Debug|Any CPU
		{92DD9D8A-DFAE-49AA-A4B9-5FE0134C42D4}.AppStore|iPhone.ActiveCfg = Debug|Any CPU
		{92DD9D8A-DFAE-49AA-A4B9-5FE0134C42D4}.AppStore|iPhone.Build.0 = Debug|Any CPU
		{92DD9D8A-DFAE-49AA-A4B9-5FE0134C42D4}.AppStore|iPhoneSimulator.ActiveCfg = Debug|Any CPU
		{92DD9D8A-DFAE-49AA-A4B9-5FE0134C42D4}.AppStore|iPhoneSimulator.Build.0 = Debug|Any CPU
		{92DD9D8A-DFAE-49AA-A4B9-5FE0134C42D4}.AppStore|x64.ActiveCfg = Debug|Any CPU
		{92DD9D8A-DFAE-49AA-A4B9-5FE0134C42D4}.AppStore|x64.Build.0 = Debug|Any CPU
		{92DD9D8A-DFAE-49AA-A4B9-5FE0134C42D4}.AppStore|x86.ActiveCfg = Debug|Any CPU
		{92DD9D8A-DFAE-49AA-A4B9-5FE0134C42D4}.AppStore|x86.Build.0 = Debug|Any CPU
		{92DD9D8A-DFAE-49AA-A4B9-5FE0134C42D4}.Debug|Any CPU.ActiveCfg = Debug|Any CPU
		{92DD9D8A-DFAE-49AA-A4B9-5FE0134C42D4}.Debug|Any CPU.Build.0 = Debug|Any CPU
		{92DD9D8A-DFAE-49AA-A4B9-5FE0134C42D4}.Debug|ARM.ActiveCfg = Debug|Any CPU
		{92DD9D8A-DFAE-49AA-A4B9-5FE0134C42D4}.Debug|ARM.Build.0 = Debug|Any CPU
		{92DD9D8A-DFAE-49AA-A4B9-5FE0134C42D4}.Debug|iPhone.ActiveCfg = Debug|Any CPU
		{92DD9D8A-DFAE-49AA-A4B9-5FE0134C42D4}.Debug|iPhone.Build.0 = Debug|Any CPU
		{92DD9D8A-DFAE-49AA-A4B9-5FE0134C42D4}.Debug|iPhoneSimulator.ActiveCfg = Debug|Any CPU
		{92DD9D8A-DFAE-49AA-A4B9-5FE0134C42D4}.Debug|iPhoneSimulator.Build.0 = Debug|Any CPU
		{92DD9D8A-DFAE-49AA-A4B9-5FE0134C42D4}.Debug|x64.ActiveCfg = Debug|Any CPU
		{92DD9D8A-DFAE-49AA-A4B9-5FE0134C42D4}.Debug|x64.Build.0 = Debug|Any CPU
		{92DD9D8A-DFAE-49AA-A4B9-5FE0134C42D4}.Debug|x86.ActiveCfg = Debug|Any CPU
		{92DD9D8A-DFAE-49AA-A4B9-5FE0134C42D4}.Debug|x86.Build.0 = Debug|Any CPU
		{92DD9D8A-DFAE-49AA-A4B9-5FE0134C42D4}.Release|Any CPU.ActiveCfg = Release|Any CPU
		{92DD9D8A-DFAE-49AA-A4B9-5FE0134C42D4}.Release|Any CPU.Build.0 = Release|Any CPU
		{92DD9D8A-DFAE-49AA-A4B9-5FE0134C42D4}.Release|ARM.ActiveCfg = Release|Any CPU
		{92DD9D8A-DFAE-49AA-A4B9-5FE0134C42D4}.Release|ARM.Build.0 = Release|Any CPU
		{92DD9D8A-DFAE-49AA-A4B9-5FE0134C42D4}.Release|iPhone.ActiveCfg = Release|Any CPU
		{92DD9D8A-DFAE-49AA-A4B9-5FE0134C42D4}.Release|iPhone.Build.0 = Release|Any CPU
		{92DD9D8A-DFAE-49AA-A4B9-5FE0134C42D4}.Release|iPhoneSimulator.ActiveCfg = Release|Any CPU
		{92DD9D8A-DFAE-49AA-A4B9-5FE0134C42D4}.Release|iPhoneSimulator.Build.0 = Release|Any CPU
		{92DD9D8A-DFAE-49AA-A4B9-5FE0134C42D4}.Release|x64.ActiveCfg = Release|Any CPU
		{92DD9D8A-DFAE-49AA-A4B9-5FE0134C42D4}.Release|x64.Build.0 = Release|Any CPU
		{92DD9D8A-DFAE-49AA-A4B9-5FE0134C42D4}.Release|x86.ActiveCfg = Release|Any CPU
		{92DD9D8A-DFAE-49AA-A4B9-5FE0134C42D4}.Release|x86.Build.0 = Release|Any CPU
	EndGlobalSection
	GlobalSection(SolutionProperties) = preSolution
		HideSolutionNode = FALSE
	EndGlobalSection
	GlobalSection(ExtensibilityGlobals) = postSolution
		SolutionGuid = {B467C696-E251-41AB-9742-46ED67083A67}
	EndGlobalSection
EndGlobal
